
Microsoft Visual Studio Solution File, Format Version 12.00
# Visual Studio Version 17
VisualStudioVersion = 17.11.35312.102
MinimumVisualStudioVersion = 10.0.40219.1
Project("{FAE04EC0-301F-11D3-BF4B-00C04F79EFBC}") = "Doctor.Core", "Doctor.Core\Doctor.Core.csproj", "{C2048D12-AC96-4E77-9C34-D0C06140DADD}"
EndProject
Project("{FAE04EC0-301F-11D3-BF4B-00C04F79EFBC}") = "Doctor.DAL", "Doctor.DAL\Doctor.DAL.csproj", "{E9CA3A90-B12C-409F-ADCF-F646C3BE5AA9}"
EndProject
Project("{FAE04EC0-301F-11D3-BF4B-00C04F79EFBC}") = "Doctor.BL", "Doctor.BL\Doctor.BL.csproj", "{8AF27A25-F56B-41C5-9A31-949B4E71DDAB}"
EndProject
Project("{FAE04EC0-301F-11D3-BF4B-00C04F79EFBC}") = "Doctor.MVC", "Doctor.MVC\Doctor.MVC.csproj", "{77405E3F-0885-4B8C-8867-5C857B4109BF}"
EndProject
Global
	GlobalSection(SolutionConfigurationPlatforms) = preSolution
		Debug|Any CPU = Debug|Any CPU
		Release|Any CPU = Release|Any CPU
	EndGlobalSection
	GlobalSection(ProjectConfigurationPlatforms) = postSolution
		{C2048D12-AC96-4E77-9C34-D0C06140DADD}.Debug|Any CPU.ActiveCfg = Debug|Any CPU
		{C2048D12-AC96-4E77-9C34-D0C06140DADD}.Debug|Any CPU.Build.0 = Debug|Any CPU
		{C2048D12-AC96-4E77-9C34-D0C06140DADD}.Release|Any CPU.ActiveCfg = Release|Any CPU
		{C2048D12-AC96-4E77-9C34-D0C06140DADD}.Release|Any CPU.Build.0 = Release|Any CPU
		{E9CA3A90-B12C-409F-ADCF-F646C3BE5AA9}.Debug|Any CPU.ActiveCfg = Debug|Any CPU
		{E9CA3A90-B12C-409F-ADCF-F646C3BE5AA9}.Debug|Any CPU.Build.0 = Debug|Any CPU
		{E9CA3A90-B12C-409F-ADCF-F646C3BE5AA9}.Release|Any CPU.ActiveCfg = Release|Any CPU
		{E9CA3A90-B12C-409F-ADCF-F646C3BE5AA9}.Release|Any CPU.Build.0 = Release|Any CPU
		{8AF27A25-F56B-41C5-9A31-949B4E71DDAB}.Debug|Any CPU.ActiveCfg = Debug|Any CPU
		{8AF27A25-F56B-41C5-9A31-949B4E71DDAB}.Debug|Any CPU.Build.0 = Debug|Any CPU
		{8AF27A25-F56B-41C5-9A31-949B4E71DDAB}.Release|Any CPU.ActiveCfg = Release|Any CPU
		{8AF27A25-F56B-41C5-9A31-949B4E71DDAB}.Release|Any CPU.Build.0 = Release|Any CPU
		{77405E3F-0885-4B8C-8867-5C857B4109BF}.Debug|Any CPU.ActiveCfg = Debug|Any CPU
		{77405E3F-0885-4B8C-8867-5C857B4109BF}.Debug|Any CPU.Build.0 = Debug|Any CPU
		{77405E3F-0885-4B8C-8867-5C857B4109BF}.Release|Any CPU.ActiveCfg = Release|Any CPU
		{77405E3F-0885-4B8C-8867-5C857B4109BF}.Release|Any CPU.Build.0 = Release|Any CPU
	EndGlobalSection
	GlobalSection(SolutionProperties) = preSolution
		HideSolutionNode = FALSE
	EndGlobalSection
	GlobalSection(ExtensibilityGlobals) = postSolution
		SolutionGuid = {258DBA57-60C1-477A-B110-D5034F069E1A}
	EndGlobalSection
EndGlobal
